
Microsoft Visual Studio Solution File, Format Version 12.00
# Visual Studio Version 16
VisualStudioVersion = 16.0.30104.148
MinimumVisualStudioVersion = 10.0.40219.1
Project("{FAE04EC0-301F-11D3-BF4B-00C04F79EFBC}") = "KiraiMod", "KiraiMod\KiraiMod.csproj", "{74829A58-0156-4C39-B19D-80B4990E1234}"
EndProject
Project("{FAE04EC0-301F-11D3-BF4B-00C04F79EFBC}") = "KiraiUI", "KiraiUI\KiraiUI.csproj", "{C711486D-922D-401F-B400-B96A674F1E71}"
EndProject
Project("{FAE04EC0-301F-11D3-BF4B-00C04F79EFBC}") = "KiraiRPC", "KiraiRPC\KiraiRPC.csproj", "{200402BC-69C4-4A18-813E-B9E2A75372BC}"
EndProject
Project("{FAE04EC0-301F-11D3-BF4B-00C04F79EFBC}") = "KiraiFriends", "KiraiFriends\KiraiFriends.csproj", "{2F6F8C37-CE09-402A-A49A-25B8F9CE36E0}"
EndProject
Project("{FAE04EC0-301F-11D3-BF4B-00C04F79EFBC}") = "KiraiComms", "KiraiComms\KiraiComms.csproj", "{DB387DB2-ECE9-43D7-ADD0-53EF2F9867F4}"
EndProject
Project("{FAE04EC0-301F-11D3-BF4B-00C04F79EFBC}") = "KiraiClone", "KiraiClone\KiraiClone.csproj", "{A631B075-5F49-4ECC-80D4-17126642F32B}"
EndProject
Global
	GlobalSection(SolutionConfigurationPlatforms) = preSolution
		Beta|Any CPU = Beta|Any CPU
		Debug|Any CPU = Debug|Any CPU
		Release|Any CPU = Release|Any CPU
	EndGlobalSection
	GlobalSection(ProjectConfigurationPlatforms) = postSolution
		{74829A58-0156-4C39-B19D-80B4990E1234}.Beta|Any CPU.ActiveCfg = Beta|Any CPU
		{74829A58-0156-4C39-B19D-80B4990E1234}.Beta|Any CPU.Build.0 = Beta|Any CPU
		{74829A58-0156-4C39-B19D-80B4990E1234}.Debug|Any CPU.ActiveCfg = Debug|Any CPU
		{74829A58-0156-4C39-B19D-80B4990E1234}.Debug|Any CPU.Build.0 = Debug|Any CPU
		{74829A58-0156-4C39-B19D-80B4990E1234}.Release|Any CPU.ActiveCfg = Release|Any CPU
		{74829A58-0156-4C39-B19D-80B4990E1234}.Release|Any CPU.Build.0 = Release|Any CPU
		{C711486D-922D-401F-B400-B96A674F1E71}.Beta|Any CPU.ActiveCfg = Beta|Any CPU
		{C711486D-922D-401F-B400-B96A674F1E71}.Beta|Any CPU.Build.0 = Beta|Any CPU
		{C711486D-922D-401F-B400-B96A674F1E71}.Debug|Any CPU.ActiveCfg = Debug|Any CPU
		{C711486D-922D-401F-B400-B96A674F1E71}.Debug|Any CPU.Build.0 = Debug|Any CPU
		{C711486D-922D-401F-B400-B96A674F1E71}.Release|Any CPU.ActiveCfg = Release|Any CPU
		{C711486D-922D-401F-B400-B96A674F1E71}.Release|Any CPU.Build.0 = Release|Any CPU
		{200402BC-69C4-4A18-813E-B9E2A75372BC}.Beta|Any CPU.ActiveCfg = Beta|Any CPU
		{200402BC-69C4-4A18-813E-B9E2A75372BC}.Beta|Any CPU.Build.0 = Beta|Any CPU
		{200402BC-69C4-4A18-813E-B9E2A75372BC}.Debug|Any CPU.ActiveCfg = Debug|Any CPU
		{200402BC-69C4-4A18-813E-B9E2A75372BC}.Debug|Any CPU.Build.0 = Debug|Any CPU
		{200402BC-69C4-4A18-813E-B9E2A75372BC}.Release|Any CPU.ActiveCfg = Release|Any CPU
		{200402BC-69C4-4A18-813E-B9E2A75372BC}.Release|Any CPU.Build.0 = Release|Any CPU
		{2F6F8C37-CE09-402A-A49A-25B8F9CE36E0}.Beta|Any CPU.ActiveCfg = Beta|Any CPU
		{2F6F8C37-CE09-402A-A49A-25B8F9CE36E0}.Beta|Any CPU.Build.0 = Beta|Any CPU
		{2F6F8C37-CE09-402A-A49A-25B8F9CE36E0}.Debug|Any CPU.ActiveCfg = Debug|Any CPU
		{2F6F8C37-CE09-402A-A49A-25B8F9CE36E0}.Debug|Any CPU.Build.0 = Debug|Any CPU
		{2F6F8C37-CE09-402A-A49A-25B8F9CE36E0}.Release|Any CPU.ActiveCfg = Release|Any CPU
		{2F6F8C37-CE09-402A-A49A-25B8F9CE36E0}.Release|Any CPU.Build.0 = Release|Any CPU
		{DB387DB2-ECE9-43D7-ADD0-53EF2F9867F4}.Beta|Any CPU.ActiveCfg = Beta|Any CPU
		{DB387DB2-ECE9-43D7-ADD0-53EF2F9867F4}.Beta|Any CPU.Build.0 = Beta|Any CPU
		{DB387DB2-ECE9-43D7-ADD0-53EF2F9867F4}.Debug|Any CPU.ActiveCfg = Debug|Any CPU
		{DB387DB2-ECE9-43D7-ADD0-53EF2F9867F4}.Debug|Any CPU.Build.0 = Debug|Any CPU
		{DB387DB2-ECE9-43D7-ADD0-53EF2F9867F4}.Release|Any CPU.ActiveCfg = Release|Any CPU
		{DB387DB2-ECE9-43D7-ADD0-53EF2F9867F4}.Release|Any CPU.Build.0 = Release|Any CPU
		{A631B075-5F49-4ECC-80D4-17126642F32B}.Beta|Any CPU.ActiveCfg = Beta|Any CPU
		{A631B075-5F49-4ECC-80D4-17126642F32B}.Beta|Any CPU.Build.0 = Beta|Any CPU
		{A631B075-5F49-4ECC-80D4-17126642F32B}.Debug|Any CPU.ActiveCfg = Debug|Any CPU
		{A631B075-5F49-4ECC-80D4-17126642F32B}.Debug|Any CPU.Build.0 = Debug|Any CPU
		{A631B075-5F49-4ECC-80D4-17126642F32B}.Release|Any CPU.ActiveCfg = Release|Any CPU
		{A631B075-5F49-4ECC-80D4-17126642F32B}.Release|Any CPU.Build.0 = Release|Any CPU
	EndGlobalSection
	GlobalSection(SolutionProperties) = preSolution
		HideSolutionNode = FALSE
	EndGlobalSection
	GlobalSection(ExtensibilityGlobals) = postSolution
		SolutionGuid = {D2DAE8D7-BEC6-4ABD-9848-0CD2E269CD08}
	EndGlobalSection
EndGlobal
